
Microsoft Visual Studio Solution File, Format Version 12.00
# Visual Studio Version 16
VisualStudioVersion = 16.0.32228.343
MinimumVisualStudioVersion = 10.0.40219.1
Project("{FAE04EC0-301F-11D3-BF4B-00C04F79EFBC}") = "Core.Api", "src\Core.Api\Core.Api.csproj", "{10E7670A-EC11-4127-A0F4-9116D58B5CCB}"
EndProject
Project("{2150E333-8FDC-42A3-9474-1A3956D46DE8}") = "src", "src", "{A74412DF-F341-4350-B728-2DB831C30A98}"
EndProject
Global
	GlobalSection(SolutionConfigurationPlatforms) = preSolution
		Debug|Any CPU = Debug|Any CPU
		Release|Any CPU = Release|Any CPU
	EndGlobalSection
	GlobalSection(ProjectConfigurationPlatforms) = postSolution
		{10E7670A-EC11-4127-A0F4-9116D58B5CCB}.Debug|Any CPU.ActiveCfg = Debug|Any CPU
		{10E7670A-EC11-4127-A0F4-9116D58B5CCB}.Debug|Any CPU.Build.0 = Debug|Any CPU
		{10E7670A-EC11-4127-A0F4-9116D58B5CCB}.Release|Any CPU.ActiveCfg = Release|Any CPU
		{10E7670A-EC11-4127-A0F4-9116D58B5CCB}.Release|Any CPU.Build.0 = Release|Any CPU
	EndGlobalSection
	GlobalSection(SolutionProperties) = preSolution
		HideSolutionNode = FALSE
	EndGlobalSection
	GlobalSection(NestedProjects) = preSolution
		{10E7670A-EC11-4127-A0F4-9116D58B5CCB} = {A74412DF-F341-4350-B728-2DB831C30A98}
	EndGlobalSection
	GlobalSection(ExtensibilityGlobals) = postSolution
		SolutionGuid = {213930EC-376B-486C-B8E0-FD90329BCDD9}
	EndGlobalSection
EndGlobal
